
Microsoft Visual Studio Solution File, Format Version 12.00
# Visual Studio Version 16
VisualStudioVersion = 16.0.29519.181
MinimumVisualStudioVersion = 10.0.40219.1
Project("{9A19103F-16F7-4668-BE54-9A1E7A4F7556}") = "ghcorewebapp", "ghcorewebapp.csproj", "{4D47597F-7214-44D2-82AF-D883FA948B79}"
EndProject
Global
	GlobalSection(SolutionConfigurationPlatforms) = preSolution
		Debug|Any CPU = Debug|Any CPU
		Release|Any CPU = Release|Any CPU
	EndGlobalSection
	GlobalSection(ProjectConfigurationPlatforms) = postSolution
		{4D47597F-7214-44D2-82AF-D883FA948B79}.Debug|Any CPU.ActiveCfg = Debug|Any CPU
		{4D47597F-7214-44D2-82AF-D883FA948B79}.Debug|Any CPU.Build.0 = Debug|Any CPU
		{4D47597F-7214-44D2-82AF-D883FA948B79}.Release|Any CPU.ActiveCfg = Release|Any CPU
		{4D47597F-7214-44D2-82AF-D883FA948B79}.Release|Any CPU.Build.0 = Release|Any CPU
	EndGlobalSection
	GlobalSection(SolutionProperties) = preSolution
		HideSolutionNode = FALSE
	EndGlobalSection
	GlobalSection(ExtensibilityGlobals) = postSolution
		SolutionGuid = {369ACC59-7BB7-4A21-8846-01E76059E487}
	EndGlobalSection
EndGlobal
